# This file is automatically @generated by Cargo.
# It is not intended for manual editing.
version = 3

[[package]]
name = "d1_calorie_counting"
version = "0.1.0"

[[package]]
name = "d2_rock_paper_scissors"
version = "0.1.0"

[[package]]
name = "d3_rucksack"
version = "0.1.0"

[[package]]
name = "d4_camp_cleanup"
version = "0.1.0"
